{
  "nodes": {
    "emacs-overlay": {
      "locked": {
        "lastModified": 1642069097,
        "narHash": "sha256-wfKXS9Bza1BsIYTGsAe1z2VGLRHPskUSJPDW8/atQ+c=",
        "owner": "nix-community",
        "repo": "emacs-overlay",
        "rev": "c77a778fde0a7e88a6508fe6eae8a10d326691c2",
        "type": "github"
      },
      "original": {
        "owner": "nix-community",
        "repo": "emacs-overlay",
        "type": "github"
      }
    },
    "nixpkgs": {
      "locked": {
        "lastModified": 1642092552,
        "narHash": "sha256-MCQZFvXLnv2hZm4Bhfuzg8W0u1T9+8+l0RghFwC/OY0=",
        "owner": "nixos",
        "repo": "nixpkgs",
        "rev": "660012f42dd18fa508a6a9bcf3667b9f05b5c798",
        "type": "github"
      },
      "original": {
        "owner": "nixos",
        "repo": "nixpkgs",
        "type": "github"
      }
    },
    "root": {
      "inputs": {
        "emacs-overlay": "emacs-overlay",
        "nixpkgs": "nixpkgs"
      }
    }
  },
  "root": "root",
  "version": 7
}
