{
  "nodes": {
    "emacs-overlay": {
      "locked": {
        "lastModified": 1642044102,
        "narHash": "sha256-GjDR4EmJw+OUCapU8Lx4VqKsycfr9Kd1gbeHL32q0jM=",
        "owner": "nix-community",
        "repo": "emacs-overlay",
        "rev": "7b47359a8007a77b36c8bc2484930f988333f3ce",
        "type": "github"
      },
      "original": {
        "owner": "nix-community",
        "repo": "emacs-overlay",
        "type": "github"
      }
    },
    "nixpkgs": {
      "locked": {
        "lastModified": 1642063302,
        "narHash": "sha256-AyIYWUw/3LahOqJhsTbG9lsyW2QZVj4EZLJxoCq1fVE=",
        "owner": "nixos",
        "repo": "nixpkgs",
        "rev": "e31f08d1a698e7a66dad9f30ca8b32a9c43da57d",
        "type": "github"
      },
      "original": {
        "owner": "nixos",
        "repo": "nixpkgs",
        "type": "github"
      }
    },
    "root": {
      "inputs": {
        "emacs-overlay": "emacs-overlay",
        "nixpkgs": "nixpkgs"
      }
    }
  },
  "root": "root",
  "version": 7
}
